// !$*UTF8*$!
{
	archiveVersion = 1;
	classes = {
	};
	objectVersion = 46;
	objects = {

/* Begin PBXBuildFile section */
		3814912C142204E2CD90A96A /* Pods_ContatosIP67.framework in Frameworks */ = {isa = PBXBuildFile; fileRef = 140B3A0B1283A724CD2FFDA8 /* Pods_ContatosIP67.framework */; };
		FD414FA122138E1F007F9718 /* CoreDataUtil.swift in Sources */ = {isa = PBXBuildFile; fileRef = FD414FA022138E1F007F9718 /* CoreDataUtil.swift */; };
		FD4CE6CD220CFBE100EB1535 /* GerenciadorDeAcoes.swift in Sources */ = {isa = PBXBuildFile; fileRef = FD4CE6CC220CFBE100EB1535 /* GerenciadorDeAcoes.swift */; };
		FD4CE6D5220E498700EB1535 /* ContatosNoMapaViewController.swift in Sources */ = {isa = PBXBuildFile; fileRef = FD4CE6D4220E498700EB1535 /* ContatosNoMapaViewController.swift */; };
		FD9D88AC220A3284003D8C9B /* AppDelegate.swift in Sources */ = {isa = PBXBuildFile; fileRef = FD9D88AB220A3284003D8C9B /* AppDelegate.swift */; };
		FD9D88AE220A3284003D8C9B /* FormularioContatoViewController.swift in Sources */ = {isa = PBXBuildFile; fileRef = FD9D88AD220A3284003D8C9B /* FormularioContatoViewController.swift */; };
		FD9D88B1220A3284003D8C9B /* Main.storyboard in Resources */ = {isa = PBXBuildFile; fileRef = FD9D88AF220A3284003D8C9B /* Main.storyboard */; };
		FD9D88B4220A3284003D8C9B /* ContatosIP67.xcdatamodeld in Sources */ = {isa = PBXBuildFile; fileRef = FD9D88B2220A3284003D8C9B /* ContatosIP67.xcdatamodeld */; };
		FD9D88B6220A3284003D8C9B /* Assets.xcassets in Resources */ = {isa = PBXBuildFile; fileRef = FD9D88B5220A3284003D8C9B /* Assets.xcassets */; };
		FD9D88B9220A3284003D8C9B /* LaunchScreen.storyboard in Resources */ = {isa = PBXBuildFile; fileRef = FD9D88B7220A3284003D8C9B /* LaunchScreen.storyboard */; };
		FD9D88C3220A4B0F003D8C9B /* Contato.m in Sources */ = {isa = PBXBuildFile; fileRef = FD9D88C2220A4B0F003D8C9B /* Contato.m */; };
		FD9D88C5220A55A9003D8C9B /* ContatoDao.swift in Sources */ = {isa = PBXBuildFile; fileRef = FD9D88C4220A55A9003D8C9B /* ContatoDao.swift */; };
		FD9D88C7220A619A003D8C9B /* ListaContatosViewController.swift in Sources */ = {isa = PBXBuildFile; fileRef = FD9D88C6220A619A003D8C9B /* ListaContatosViewController.swift */; };
		FD9D88CB220CD88B003D8C9B /* FormularioContatoViewControllerDelegate.swift in Sources */ = {isa = PBXBuildFile; fileRef = FD9D88CA220CD88B003D8C9B /* FormularioContatoViewControllerDelegate.swift */; };
		FDB254BC2214D9C10037BBA4 /* TemperaturaViewController.swift in Sources */ = {isa = PBXBuildFile; fileRef = FDB254BB2214D9C10037BBA4 /* TemperaturaViewController.swift */; };
/* End PBXBuildFile section */

/* Begin PBXFileReference section */
		140B3A0B1283A724CD2FFDA8 /* Pods_ContatosIP67.framework */ = {isa = PBXFileReference; explicitFileType = wrapper.framework; includeInIndex = 0; path = Pods_ContatosIP67.framework; sourceTree = BUILT_PRODUCTS_DIR; };
		4789821A4787E5E4B6AB472E /* Pods-ContatosIP67.release.xcconfig */ = {isa = PBXFileReference; includeInIndex = 1; lastKnownFileType = text.xcconfig; name = "Pods-ContatosIP67.release.xcconfig"; path = "Target Support Files/Pods-ContatosIP67/Pods-ContatosIP67.release.xcconfig"; sourceTree = "<group>"; };
		54B878613472F64323145DAF /* Pods-ContatosIP67.debug.xcconfig */ = {isa = PBXFileReference; includeInIndex = 1; lastKnownFileType = text.xcconfig; name = "Pods-ContatosIP67.debug.xcconfig"; path = "Target Support Files/Pods-ContatosIP67/Pods-ContatosIP67.debug.xcconfig"; sourceTree = "<group>"; };
		FD414FA022138E1F007F9718 /* CoreDataUtil.swift */ = {isa = PBXFileReference; fileEncoding = 4; lastKnownFileType = sourcecode.swift; path = CoreDataUtil.swift; sourceTree = "<group>"; };
		FD4CE6CC220CFBE100EB1535 /* GerenciadorDeAcoes.swift */ = {isa = PBXFileReference; fileEncoding = 4; lastKnownFileType = sourcecode.swift; path = GerenciadorDeAcoes.swift; sourceTree = "<group>"; };
		FD4CE6D4220E498700EB1535 /* ContatosNoMapaViewController.swift */ = {isa = PBXFileReference; fileEncoding = 4; lastKnownFileType = sourcecode.swift; path = ContatosNoMapaViewController.swift; sourceTree = "<group>"; };
		FD4CE6D6220E5ABD00EB1535 /* Vila Mariana.gpx */ = {isa = PBXFileReference; lastKnownFileType = text.xml; name = "Vila Mariana.gpx"; path = "../Vila Mariana.gpx"; sourceTree = "<group>"; };
		FD9D88A8220A3284003D8C9B /* ContatosIP67.app */ = {isa = PBXFileReference; explicitFileType = wrapper.application; includeInIndex = 0; path = ContatosIP67.app; sourceTree = BUILT_PRODUCTS_DIR; };
		FD9D88AB220A3284003D8C9B /* AppDelegate.swift */ = {isa = PBXFileReference; lastKnownFileType = sourcecode.swift; path = AppDelegate.swift; sourceTree = "<group>"; };
		FD9D88AD220A3284003D8C9B /* FormularioContatoViewController.swift */ = {isa = PBXFileReference; lastKnownFileType = sourcecode.swift; path = FormularioContatoViewController.swift; sourceTree = "<group>"; };
		FD9D88B0220A3284003D8C9B /* Base */ = {isa = PBXFileReference; lastKnownFileType = file.storyboard; name = Base; path = Base.lproj/Main.storyboard; sourceTree = "<group>"; };
		FD9D88B3220A3284003D8C9B /* ContatosIP67.xcdatamodel */ = {isa = PBXFileReference; lastKnownFileType = wrapper.xcdatamodel; path = ContatosIP67.xcdatamodel; sourceTree = "<group>"; };
		FD9D88B5220A3284003D8C9B /* Assets.xcassets */ = {isa = PBXFileReference; lastKnownFileType = folder.assetcatalog; path = Assets.xcassets; sourceTree = "<group>"; };
		FD9D88B8220A3284003D8C9B /* Base */ = {isa = PBXFileReference; lastKnownFileType = file.storyboard; name = Base; path = Base.lproj/LaunchScreen.storyboard; sourceTree = "<group>"; };
		FD9D88BA220A3284003D8C9B /* Info.plist */ = {isa = PBXFileReference; lastKnownFileType = text.plist.xml; path = Info.plist; sourceTree = "<group>"; };
		FD9D88C0220A4B0F003D8C9B /* ContatosIP67-Bridging-Header.h */ = {isa = PBXFileReference; lastKnownFileType = sourcecode.c.h; path = "ContatosIP67-Bridging-Header.h"; sourceTree = "<group>"; };
		FD9D88C1220A4B0F003D8C9B /* Contato.h */ = {isa = PBXFileReference; fileEncoding = 4; lastKnownFileType = sourcecode.c.h; path = Contato.h; sourceTree = "<group>"; };
		FD9D88C2220A4B0F003D8C9B /* Contato.m */ = {isa = PBXFileReference; fileEncoding = 4; lastKnownFileType = sourcecode.c.objc; path = Contato.m; sourceTree = "<group>"; };
		FD9D88C4220A55A9003D8C9B /* ContatoDao.swift */ = {isa = PBXFileReference; fileEncoding = 4; lastKnownFileType = sourcecode.swift; path = ContatoDao.swift; sourceTree = "<group>"; };
		FD9D88C6220A619A003D8C9B /* ListaContatosViewController.swift */ = {isa = PBXFileReference; fileEncoding = 4; lastKnownFileType = sourcecode.swift; path = ListaContatosViewController.swift; sourceTree = "<group>"; };
		FD9D88CA220CD88B003D8C9B /* FormularioContatoViewControllerDelegate.swift */ = {isa = PBXFileReference; fileEncoding = 4; lastKnownFileType = sourcecode.swift; path = FormularioContatoViewControllerDelegate.swift; sourceTree = "<group>"; };
		FDB254BB2214D9C10037BBA4 /* TemperaturaViewController.swift */ = {isa = PBXFileReference; fileEncoding = 4; lastKnownFileType = sourcecode.swift; path = TemperaturaViewController.swift; sourceTree = "<group>"; };
/* End PBXFileReference section */

/* Begin PBXFrameworksBuildPhase section */
		FD9D88A5220A3283003D8C9B /* Frameworks */ = {
			isa = PBXFrameworksBuildPhase;
			buildActionMask = 2147483647;
			files = (
				3814912C142204E2CD90A96A /* Pods_ContatosIP67.framework in Frameworks */,
			);
			runOnlyForDeploymentPostprocessing = 0;
		};
/* End PBXFrameworksBuildPhase section */

/* Begin PBXGroup section */
		7E3F1816D17D2A7F3FD0244D /* Frameworks */ = {
			isa = PBXGroup;
			children = (
				140B3A0B1283A724CD2FFDA8 /* Pods_ContatosIP67.framework */,
			);
			name = Frameworks;
			sourceTree = "<group>";
		};
		C07178233D80136AC9699D11 /* Pods */ = {
			isa = PBXGroup;
			children = (
				54B878613472F64323145DAF /* Pods-ContatosIP67.debug.xcconfig */,
				4789821A4787E5E4B6AB472E /* Pods-ContatosIP67.release.xcconfig */,
			);
			path = Pods;
			sourceTree = "<group>";
		};
		FD9D889F220A3283003D8C9B = {
			isa = PBXGroup;
			children = (
				FD9D88AA220A3284003D8C9B /* ContatosIP67 */,
				FD9D88A9220A3284003D8C9B /* Products */,
				C07178233D80136AC9699D11 /* Pods */,
				7E3F1816D17D2A7F3FD0244D /* Frameworks */,
			);
			sourceTree = "<group>";
		};
		FD9D88A9220A3284003D8C9B /* Products */ = {
			isa = PBXGroup;
			children = (
				FD9D88A8220A3284003D8C9B /* ContatosIP67.app */,
			);
			name = Products;
			sourceTree = "<group>";
		};
		FD9D88AA220A3284003D8C9B /* ContatosIP67 */ = {
			isa = PBXGroup;
			children = (
				FD4CE6D6220E5ABD00EB1535 /* Vila Mariana.gpx */,
				FD9D88AB220A3284003D8C9B /* AppDelegate.swift */,
				FD4CE6D4220E498700EB1535 /* ContatosNoMapaViewController.swift */,
				FD9D88AD220A3284003D8C9B /* FormularioContatoViewController.swift */,
				FD9D88C6220A619A003D8C9B /* ListaContatosViewController.swift */,
				FD4CE6CC220CFBE100EB1535 /* GerenciadorDeAcoes.swift */,
				FD9D88CA220CD88B003D8C9B /* FormularioContatoViewControllerDelegate.swift */,
				FDB254BB2214D9C10037BBA4 /* TemperaturaViewController.swift */,
				FD414FA022138E1F007F9718 /* CoreDataUtil.swift */,
				FD9D88C4220A55A9003D8C9B /* ContatoDao.swift */,
				FD9D88C1220A4B0F003D8C9B /* Contato.h */,
				FD9D88C2220A4B0F003D8C9B /* Contato.m */,
				FD9D88AF220A3284003D8C9B /* Main.storyboard */,
				FD9D88B5220A3284003D8C9B /* Assets.xcassets */,
				FD9D88B7220A3284003D8C9B /* LaunchScreen.storyboard */,
				FD9D88BA220A3284003D8C9B /* Info.plist */,
				FD9D88B2220A3284003D8C9B /* ContatosIP67.xcdatamodeld */,
				FD9D88C0220A4B0F003D8C9B /* ContatosIP67-Bridging-Header.h */,
			);
			path = ContatosIP67;
			sourceTree = "<group>";
		};
/* End PBXGroup section */

/* Begin PBXNativeTarget section */
		FD9D88A7220A3283003D8C9B /* ContatosIP67 */ = {
			isa = PBXNativeTarget;
			buildConfigurationList = FD9D88BD220A3284003D8C9B /* Build configuration list for PBXNativeTarget "ContatosIP67" */;
			buildPhases = (
				B3CCE670F7122454071B01F3 /* [CP] Check Pods Manifest.lock */,
				FD9D88A4220A3283003D8C9B /* Sources */,
				FD9D88A5220A3283003D8C9B /* Frameworks */,
				FD9D88A6220A3283003D8C9B /* Resources */,
				DA13041F73DAFCEDC0787F57 /* [CP] Embed Pods Frameworks */,
			);
			buildRules = (
			);
			dependencies = (
			);
			name = ContatosIP67;
			productName = ContatosIP67;
			productReference = FD9D88A8220A3284003D8C9B /* ContatosIP67.app */;
			productType = "com.apple.product-type.application";
		};
/* End PBXNativeTarget section */

/* Begin PBXProject section */
		FD9D88A0220A3283003D8C9B /* Project object */ = {
			isa = PBXProject;
			attributes = {
				LastSwiftUpdateCheck = 0800;
				LastUpgradeCheck = 0800;
				ORGANIZATIONNAME = Caelum;
				TargetAttributes = {
					FD9D88A7220A3283003D8C9B = {
						CreatedOnToolsVersion = 8.0;
						LastSwiftMigration = 0800;
						ProvisioningStyle = Automatic;
					};
				};
			};
			buildConfigurationList = FD9D88A3220A3283003D8C9B /* Build configuration list for PBXProject "ContatosIP67" */;
			compatibilityVersion = "Xcode 3.2";
			developmentRegion = English;
			hasScannedForEncodings = 0;
			knownRegions = (
				en,
				Base,
			);
			mainGroup = FD9D889F220A3283003D8C9B;
			productRefGroup = FD9D88A9220A3284003D8C9B /* Products */;
			projectDirPath = "";
			projectRoot = "";
			targets = (
				FD9D88A7220A3283003D8C9B /* ContatosIP67 */,
			);
		};
/* End PBXProject section */

/* Begin PBXResourcesBuildPhase section */
		FD9D88A6220A3283003D8C9B /* Resources */ = {
			isa = PBXResourcesBuildPhase;
			buildActionMask = 2147483647;
			files = (
				FD9D88B9220A3284003D8C9B /* LaunchScreen.storyboard in Resources */,
				FD9D88B6220A3284003D8C9B /* Assets.xcassets in Resources */,
				FD9D88B1220A3284003D8C9B /* Main.storyboard in Resources */,
			);
			runOnlyForDeploymentPostprocessing = 0;
		};
/* End PBXResourcesBuildPhase section */

/* Begin PBXShellScriptBuildPhase section */
		B3CCE670F7122454071B01F3 /* [CP] Check Pods Manifest.lock */ = {
			isa = PBXShellScriptBuildPhase;
			buildActionMask = 2147483647;
			files = (
			);
			inputPaths = (
				"${PODS_PODFILE_DIR_PATH}/Podfile.lock",
				"${PODS_ROOT}/Manifest.lock",
			);
			name = "[CP] Check Pods Manifest.lock";
			outputPaths = (
				"$(DERIVED_FILE_DIR)/Pods-ContatosIP67-checkManifestLockResult.txt",
			);
			runOnlyForDeploymentPostprocessing = 0;
			shellPath = /bin/sh;
			shellScript = "diff \"${PODS_PODFILE_DIR_PATH}/Podfile.lock\" \"${PODS_ROOT}/Manifest.lock\" > /dev/null\nif [ $? != 0 ] ; then\n    # print error to STDERR\n    echo \"error: The sandbox is not in sync with the Podfile.lock. Run 'pod install' or update your CocoaPods installation.\" >&2\n    exit 1\nfi\n# This output is used by Xcode 'outputs' to avoid re-running this script phase.\necho \"SUCCESS\" > \"${SCRIPT_OUTPUT_FILE_0}\"\n";
			showEnvVarsInLog = 0;
		};
		DA13041F73DAFCEDC0787F57 /* [CP] Embed Pods Frameworks */ = {
			isa = PBXShellScriptBuildPhase;
			buildActionMask = 2147483647;
			files = (
			);
			inputPaths = (
				"${PODS_ROOT}/Target Support Files/Pods-ContatosIP67/Pods-ContatosIP67-frameworks.sh",
				"${BUILT_PRODUCTS_DIR}/TPKeyboardAvoiding/TPKeyboardAvoiding.framework",
			);
			name = "[CP] Embed Pods Frameworks";
			outputPaths = (
				"${TARGET_BUILD_DIR}/${FRAMEWORKS_FOLDER_PATH}/TPKeyboardAvoiding.framework",
			);
			runOnlyForDeploymentPostprocessing = 0;
			shellPath = /bin/sh;
			shellScript = "\"${PODS_ROOT}/Target Support Files/Pods-ContatosIP67/Pods-ContatosIP67-frameworks.sh\"\n";
			showEnvVarsInLog = 0;
		};
/* End PBXShellScriptBuildPhase section */

/* Begin PBXSourcesBuildPhase section */
		FD9D88A4220A3283003D8C9B /* Sources */ = {
			isa = PBXSourcesBuildPhase;
			buildActionMask = 2147483647;
			files = (
				FD9D88C3220A4B0F003D8C9B /* Contato.m in Sources */,
				FD9D88AE220A3284003D8C9B /* FormularioContatoViewController.swift in Sources */,
				FD4CE6D5220E498700EB1535 /* ContatosNoMapaViewController.swift in Sources */,
				FD4CE6CD220CFBE100EB1535 /* GerenciadorDeAcoes.swift in Sources */,
				FD9D88CB220CD88B003D8C9B /* FormularioContatoViewControllerDelegate.swift in Sources */,
				FD9D88C5220A55A9003D8C9B /* ContatoDao.swift in Sources */,
				FD9D88C7220A619A003D8C9B /* ListaContatosViewController.swift in Sources */,
				FD9D88B4220A3284003D8C9B /* ContatosIP67.xcdatamodeld in Sources */,
				FDB254BC2214D9C10037BBA4 /* TemperaturaViewController.swift in Sources */,
				FD414FA122138E1F007F9718 /* CoreDataUtil.swift in Sources */,
				FD9D88AC220A3284003D8C9B /* AppDelegate.swift in Sources */,
			);
			runOnlyForDeploymentPostprocessing = 0;
		};
/* End PBXSourcesBuildPhase section */

/* Begin PBXVariantGroup section */
		FD9D88AF220A3284003D8C9B /* Main.storyboard */ = {
			isa = PBXVariantGroup;
			children = (
				FD9D88B0220A3284003D8C9B /* Base */,
			);
			name = Main.storyboard;
			sourceTree = "<group>";
		};
		FD9D88B7220A3284003D8C9B /* LaunchScreen.storyboard */ = {
			isa = PBXVariantGroup;
			children = (
				FD9D88B8220A3284003D8C9B /* Base */,
			);
			name = LaunchScreen.storyboard;
			sourceTree = "<group>";
		};
/* End PBXVariantGroup section */

/* Begin XCBuildConfiguration section */
		FD9D88BB220A3284003D8C9B /* Debug */ = {
			isa = XCBuildConfiguration;
			buildSettings = {
				ALWAYS_SEARCH_USER_PATHS = NO;
				CLANG_ANALYZER_NONNULL = YES;
				CLANG_CXX_LANGUAGE_STANDARD = "gnu++0x";
				CLANG_CXX_LIBRARY = "libc++";
				CLANG_ENABLE_MODULES = YES;
				CLANG_ENABLE_OBJC_ARC = YES;
				CLANG_WARN_BOOL_CONVERSION = YES;
				CLANG_WARN_CONSTANT_CONVERSION = YES;
				CLANG_WARN_DIRECT_OBJC_ISA_USAGE = YES_ERROR;
				CLANG_WARN_DOCUMENTATION_COMMENTS = YES;
				CLANG_WARN_EMPTY_BODY = YES;
				CLANG_WARN_ENUM_CONVERSION = YES;
				CLANG_WARN_INFINITE_RECURSION = YES;
				CLANG_WARN_INT_CONVERSION = YES;
				CLANG_WARN_OBJC_ROOT_CLASS = YES_ERROR;
				CLANG_WARN_SUSPICIOUS_MOVES = YES;
				CLANG_WARN_UNREACHABLE_CODE = YES;
				CLANG_WARN__DUPLICATE_METHOD_MATCH = YES;
				"CODE_SIGN_IDENTITY[sdk=iphoneos*]" = "iPhone Developer";
				COPY_PHASE_STRIP = NO;
				DEBUG_INFORMATION_FORMAT = dwarf;
				ENABLE_STRICT_OBJC_MSGSEND = YES;
				ENABLE_TESTABILITY = YES;
				GCC_C_LANGUAGE_STANDARD = gnu99;
				GCC_DYNAMIC_NO_PIC = NO;
				GCC_NO_COMMON_BLOCKS = YES;
				GCC_OPTIMIZATION_LEVEL = 0;
				GCC_PREPROCESSOR_DEFINITIONS = (
					"DEBUG=1",
					"$(inherited)",
				);
				GCC_WARN_64_TO_32_BIT_CONVERSION = YES;
				GCC_WARN_ABOUT_RETURN_TYPE = YES_ERROR;
				GCC_WARN_UNDECLARED_SELECTOR = YES;
				GCC_WARN_UNINITIALIZED_AUTOS = YES_AGGRESSIVE;
				GCC_WARN_UNUSED_FUNCTION = YES;
				GCC_WARN_UNUSED_VARIABLE = YES;
				IPHONEOS_DEPLOYMENT_TARGET = 10.0;
				MTL_ENABLE_DEBUG_INFO = YES;
				ONLY_ACTIVE_ARCH = YES;
				SDKROOT = iphoneos;
				SWIFT_ACTIVE_COMPILATION_CONDITIONS = DEBUG;
				SWIFT_OPTIMIZATION_LEVEL = "-Onone";
			};
			name = Debug;
		};
		FD9D88BC220A3284003D8C9B /* Release */ = {
			isa = XCBuildConfiguration;
			buildSettings = {
				ALWAYS_SEARCH_USER_PATHS = NO;
				CLANG_ANALYZER_NONNULL = YES;
				CLANG_CXX_LANGUAGE_STANDARD = "gnu++0x";
				CLANG_CXX_LIBRARY = "libc++";
				CLANG_ENABLE_MODULES = YES;
				CLANG_ENABLE_OBJC_ARC = YES;
				CLANG_WARN_BOOL_CONVERSION = YES;
				CLANG_WARN_CONSTANT_CONVERSION = YES;
				CLANG_WARN_DIRECT_OBJC_ISA_USAGE = YES_ERROR;
				CLANG_WARN_DOCUMENTATION_COMMENTS = YES;
				CLANG_WARN_EMPTY_BODY = YES;
				CLANG_WARN_ENUM_CONVERSION = YES;
				CLANG_WARN_INFINITE_RECURSION = YES;
				CLANG_WARN_INT_CONVERSION = YES;
				CLANG_WARN_OBJC_ROOT_CLASS = YES_ERROR;
				CLANG_WARN_SUSPICIOUS_MOVES = YES;
				CLANG_WARN_UNREACHABLE_CODE = YES;
				CLANG_WARN__DUPLICATE_METHOD_MATCH = YES;
				"CODE_SIGN_IDENTITY[sdk=iphoneos*]" = "iPhone Developer";
				COPY_PHASE_STRIP = NO;
				DEBUG_INFORMATION_FORMAT = "dwarf-with-dsym";
				ENABLE_NS_ASSERTIONS = NO;
				ENABLE_STRICT_OBJC_MSGSEND = YES;
				GCC_C_LANGUAGE_STANDARD = gnu99;
				GCC_NO_COMMON_BLOCKS = YES;
				GCC_WARN_64_TO_32_BIT_CONVERSION = YES;
				GCC_WARN_ABOUT_RETURN_TYPE = YES_ERROR;
				GCC_WARN_UNDECLARED_SELECTOR = YES;
				GCC_WARN_UNINITIALIZED_AUTOS = YES_AGGRESSIVE;
				GCC_WARN_UNUSED_FUNCTION = YES;
				GCC_WARN_UNUSED_VARIABLE = YES;
				IPHONEOS_DEPLOYMENT_TARGET = 10.0;
				MTL_ENABLE_DEBUG_INFO = NO;
				SDKROOT = iphoneos;
				SWIFT_OPTIMIZATION_LEVEL = "-Owholemodule";
				VALIDATE_PRODUCT = YES;
			};
			name = Release;
		};
		FD9D88BE220A3284003D8C9B /* Debug */ = {
			isa = XCBuildConfiguration;
			baseConfigurationReference = 54B878613472F64323145DAF /* Pods-ContatosIP67.debug.xcconfig */;
			buildSettings = {
				ASSETCATALOG_COMPILER_APPICON_NAME = AppIcon;
				CLANG_ENABLE_MODULES = YES;
				INFOPLIST_FILE = ContatosIP67/Info.plist;
				IPHONEOS_DEPLOYMENT_TARGET = 10.0;
				LD_RUNPATH_SEARCH_PATHS = "$(inherited) @executable_path/Frameworks";
				PRODUCT_BUNDLE_IDENTIFIER = br.com.caelum.ContatosIP67;
				PRODUCT_NAME = "$(TARGET_NAME)";
				SWIFT_OBJC_BRIDGING_HEADER = "ContatosIP67/ContatosIP67-Bridging-Header.h";
				SWIFT_OPTIMIZATION_LEVEL = "-Onone";
				SWIFT_VERSION = 3.0;
			};
			name = Debug;
		};
		FD9D88BF220A3284003D8C9B /* Release */ = {
			isa = XCBuildConfiguration;
			baseConfigurationReference = 4789821A4787E5E4B6AB472E /* Pods-ContatosIP67.release.xcconfig */;
			buildSettings = {
				ASSETCATALOG_COMPILER_APPICON_NAME = AppIcon;
				CLANG_ENABLE_MODULES = YES;
				INFOPLIST_FILE = ContatosIP67/Info.plist;
				IPHONEOS_DEPLOYMENT_TARGET = 10.0;
				LD_RUNPATH_SEARCH_PATHS = "$(inherited) @executable_path/Frameworks";
				PRODUCT_BUNDLE_IDENTIFIER = br.com.caelum.ContatosIP67;
				PRODUCT_NAME = "$(TARGET_NAME)";
				SWIFT_OBJC_BRIDGING_HEADER = "ContatosIP67/ContatosIP67-Bridging-Header.h";
				SWIFT_VERSION = 3.0;
			};
			name = Release;
		};
/* End XCBuildConfiguration section */

/* Begin XCConfigurationList section */
		FD9D88A3220A3283003D8C9B /* Build configuration list for PBXProject "ContatosIP67" */ = {
			isa = XCConfigurationList;
			buildConfigurations = (
				FD9D88BB220A3284003D8C9B /* Debug */,
				FD9D88BC220A3284003D8C9B /* Release */,
			);
			defaultConfigurationIsVisible = 0;
			defaultConfigurationName = Release;
		};
		FD9D88BD220A3284003D8C9B /* Build configuration list for PBXNativeTarget "ContatosIP67" */ = {
			isa = XCConfigurationList;
			buildConfigurations = (
				FD9D88BE220A3284003D8C9B /* Debug */,
				FD9D88BF220A3284003D8C9B /* Release */,
			);
			defaultConfigurationIsVisible = 0;
			defaultConfigurationName = Release;
		};
/* End XCConfigurationList section */

/* Begin XCVersionGroup section */
		FD9D88B2220A3284003D8C9B /* ContatosIP67.xcdatamodeld */ = {
			isa = XCVersionGroup;
			children = (
				FD9D88B3220A3284003D8C9B /* ContatosIP67.xcdatamodel */,
			);
			currentVersion = FD9D88B3220A3284003D8C9B /* ContatosIP67.xcdatamodel */;
			path = ContatosIP67.xcdatamodeld;
			sourceTree = "<group>";
			versionGroupType = wrapper.xcdatamodel;
		};
/* End XCVersionGroup section */
	};
	rootObject = FD9D88A0220A3283003D8C9B /* Project object */;
}
